
Microsoft Visual Studio Solution File, Format Version 12.00
# Visual Studio 15
VisualStudioVersion = 15.0.28010.2026
MinimumVisualStudioVersion = 10.0.40219.1
Project("{FAE04EC0-301F-11D3-BF4B-00C04F79EFBC}") = "Ej_01", "Ej_01\Ej_01.csproj", "{131523A8-9D49-46D5-8870-EEBC4875742D}"
EndProject
Project("{FAE04EC0-301F-11D3-BF4B-00C04F79EFBC}") = "Library_Circle", "Library_Circle\Library_Circle.csproj", "{2AB2D795-5A18-4A3C-A38B-F61535EF0A18}"
EndProject
Global
	GlobalSection(SolutionConfigurationPlatforms) = preSolution
		Debug|Any CPU = Debug|Any CPU
		Release|Any CPU = Release|Any CPU
	EndGlobalSection
	GlobalSection(ProjectConfigurationPlatforms) = postSolution
		{131523A8-9D49-46D5-8870-EEBC4875742D}.Debug|Any CPU.ActiveCfg = Debug|Any CPU
		{131523A8-9D49-46D5-8870-EEBC4875742D}.Debug|Any CPU.Build.0 = Debug|Any CPU
		{131523A8-9D49-46D5-8870-EEBC4875742D}.Release|Any CPU.ActiveCfg = Release|Any CPU
		{131523A8-9D49-46D5-8870-EEBC4875742D}.Release|Any CPU.Build.0 = Release|Any CPU
		{2AB2D795-5A18-4A3C-A38B-F61535EF0A18}.Debug|Any CPU.ActiveCfg = Debug|Any CPU
		{2AB2D795-5A18-4A3C-A38B-F61535EF0A18}.Debug|Any CPU.Build.0 = Debug|Any CPU
		{2AB2D795-5A18-4A3C-A38B-F61535EF0A18}.Release|Any CPU.ActiveCfg = Release|Any CPU
		{2AB2D795-5A18-4A3C-A38B-F61535EF0A18}.Release|Any CPU.Build.0 = Release|Any CPU
	EndGlobalSection
	GlobalSection(SolutionProperties) = preSolution
		HideSolutionNode = FALSE
	EndGlobalSection
	GlobalSection(ExtensibilityGlobals) = postSolution
		SolutionGuid = {66BEFE12-929F-41E3-9BAE-9261C92E0358}
	EndGlobalSection
EndGlobal
